<?xml version="1.0" encoding="utf-8"?>
<Project ToolsVersion="4.0" xmlns="http://schemas.microsoft.com/developer/msbuild/2003">
  <ItemGroup>
    <Filter Include="Source Files">
      <UniqueIdentifier>{4FC737F1-C7A5-4376-A066-2A32D752A2FF}</UniqueIdentifier>
      <Extensions>qml;cpp;c;cc;cxx;def;odl;idl;hpj;bat;asm;asmx</Extensions>
    </Filter>
    <Filter Include="Header Files">
      <UniqueIdentifier>{93995380-89BD-4b04-88EB-625FBE52EBFB}</UniqueIdentifier>
      <Extensions>h;hh;hpp;hxx;hm;inl;inc;xsd</Extensions>
    </Filter>
    <Filter Include="Resource Files">
      <UniqueIdentifier>{67DA6AB6-F800-4c08-8B7A-83BB121AAD01}</UniqueIdentifier>
      <Extensions>qrc;rc;ico;cur;bmp;dlg;rc2;rct;bin;rgs;gif;jpg;jpeg;jpe;resx;tiff;tif;png;wav;mfcribbon-ms</Extensions>
    </Filter>
    <Filter Include="Form Files">
      <UniqueIdentifier>{99349809-55BA-4b9d-BF79-8FDBB0286EB3}</UniqueIdentifier>
      <Extensions>ui</Extensions>
    </Filter>
    <Filter Include="Translation Files">
      <UniqueIdentifier>{639EADAA-A684-42e4-A9AD-28FC9BCB8F7C}</UniqueIdentifier>
      <Extensions>ts</Extensions>
    </Filter>
    <Filter Include="Source Files\src">
      <UniqueIdentifier>{2f4dcabd-3f88-4640-93df-b93f91ce1fec}</UniqueIdentifier>
    </Filter>
    <Filter Include="Source Files\src\renderer">
      <UniqueIdentifier>{79ccbf66-4496-45da-b81c-3dc7ffe8d769}</UniqueIdentifier>
    </Filter>
    <Filter Include="Source Files\src\rescaler">
      <UniqueIdentifier>{60f23b33-2a51-4527-b680-f55cca1183bc}</UniqueIdentifier>
    </Filter>
    <Filter Include="Source Files\src\utils">
      <UniqueIdentifier>{e3f43257-6693-49c8-8ca2-ae305c06739e}</UniqueIdentifier>
    </Filter>
    <Filter Include="Source Files\src\demuxer">
      <UniqueIdentifier>{c014c63f-4115-483f-ad98-078d2ccb1f89}</UniqueIdentifier>
    </Filter>
  </ItemGroup>
  <ItemGroup>
    <QtRcc Include="XPlayer.qrc">
      <Filter>Resource Files</Filter>
    </QtRcc>
    <QtUic Include="XPlayer.ui">
      <Filter>Form Files</Filter>
    </QtUic>
    <QtMoc Include="XPlayer.h">
      <Filter>Header Files</Filter>
    </QtMoc>
    <ClCompile Include="XPlayer.cpp">
      <Filter>Source Files</Filter>
    </ClCompile>
  </ItemGroup>
  <ItemGroup>
    <ClCompile Include="main.cpp">
      <Filter>Source Files</Filter>
    </ClCompile>
    <ClCompile Include="..\src\demuxer\xplayer_demuxer.cpp">
      <Filter>Source Files\src\demuxer</Filter>
    </ClCompile>
    <ClCompile Include="..\src\demuxer\xplayer_stream.cpp">
      <Filter>Source Files\src\demuxer</Filter>
    </ClCompile>
    <ClCompile Include="..\src\utils\xplayer_utils.cpp">
      <Filter>Source Files\src\utils</Filter>
    </ClCompile>
    <ClCompile Include="..\src\renderer\xplayer_audio_render.cpp">
      <Filter>Source Files\src\renderer</Filter>
    </ClCompile>
    <ClCompile Include="..\src\renderer\xplayer_video_render_opengl.cpp">
      <Filter>Source Files\src\renderer</Filter>
    </ClCompile>
    <ClCompile Include="..\src\rescaler\xplayer_audio_rescaler.cpp">
      <Filter>Source Files\src\rescaler</Filter>
    </ClCompile>
    <ClCompile Include="..\src\rescaler\xplayer_video_rescaler.cpp">
      <Filter>Source Files\src\rescaler</Filter>
    </ClCompile>
    <ClCompile Include="..\src\renderer\xplayer_video_render_sdl.cpp">
      <Filter>Source Files\src\renderer</Filter>
    </ClCompile>
  </ItemGroup>
  <ItemGroup>
    <ClInclude Include="..\src\demuxer\xplayer_demuxer.h">
      <Filter>Source Files\src\demuxer</Filter>
    </ClInclude>
    <ClInclude Include="..\src\demuxer\xplayer_stream.h">
      <Filter>Source Files\src\demuxer</Filter>
    </ClInclude>
    <ClInclude Include="..\src\utils\xplayer_utils.h">
      <Filter>Source Files\src\utils</Filter>
    </ClInclude>
    <ClInclude Include="..\src\renderer\xplayer_audio_render.h">
      <Filter>Source Files\src\renderer</Filter>
    </ClInclude>
    <ClInclude Include="..\src\rescaler\xplayer_audio_rescaler.h">
      <Filter>Source Files\src\rescaler</Filter>
    </ClInclude>
    <ClInclude Include="..\src\rescaler\xplayer_video_rescaler.h">
      <Filter>Source Files\src\rescaler</Filter>
    </ClInclude>
    <ClInclude Include="..\src\utils\xplayer_queue.h">
      <Filter>Source Files\src\utils</Filter>
    </ClInclude>
    <ClInclude Include="..\src\renderer\xplayer_video_render_sdl.h">
      <Filter>Source Files\src\renderer</Filter>
    </ClInclude>
  </ItemGroup>
  <ItemGroup>
    <QtMoc Include="..\src\renderer\xplayer_video_render_opengl.h">
      <Filter>Source Files\src\renderer</Filter>
    </QtMoc>
  </ItemGroup>
</Project>